Microsoft Visual Studio Solution File, Format Version 12.00
# Visual Studio Version 17
VisualStudioVersion = 17.5.2.0
MinimumVisualStudioVersion = 10.0.40219.1
Project("{FAE04EC0-301F-11D3-BF4B-00C04F79EFBC}") = "Pipelink.Insights", "Pipelink.Insights\Pipelink.Insights.csproj", "{99C18EDB-1CF0-676C-D404-80614075F084}"
EndProject
Project("{FAE04EC0-301F-11D3-BF4B-00C04F79EFBC}") = "Pipelink.Insights.Api", "Pipelink.Insights.Api\Pipelink.Insights.Api.csproj", "{F3D8CAD2-E8AB-4CF6-B87E-56D306F682DD}"
EndProject
Global
	GlobalSection(SolutionConfigurationPlatforms) = preSolution
		Debug|Any CPU = Debug|Any CPU
		Release|Any CPU = Release|Any CPU
	EndGlobalSection
	GlobalSection(ProjectConfigurationPlatforms) = postSolution
		{99C18EDB-1CF0-676C-D404-80614075F084}.Debug|Any CPU.ActiveCfg = Debug|Any CPU
		{99C18EDB-1CF0-676C-D404-80614075F084}.Debug|Any CPU.Build.0 = Debug|Any CPU
		{99C18EDB-1CF0-676C-D404-80614075F084}.Release|Any CPU.ActiveCfg = Release|Any CPU
		{99C18EDB-1CF0-676C-D404-80614075F084}.Release|Any CPU.Build.0 = Release|Any CPU
		{F3D8CAD2-E8AB-4CF6-B87E-56D306F682DD}.Debug|Any CPU.ActiveCfg = Debug|Any CPU
		{F3D8CAD2-E8AB-4CF6-B87E-56D306F682DD}.Debug|Any CPU.Build.0 = Debug|Any CPU
		{F3D8CAD2-E8AB-4CF6-B87E-56D306F682DD}.Release|Any CPU.ActiveCfg = Release|Any CPU
		{F3D8CAD2-E8AB-4CF6-B87E-56D306F682DD}.Release|Any CPU.Build.0 = Release|Any CPU
	EndGlobalSection
	GlobalSection(SolutionProperties) = preSolution
		HideSolutionNode = FALSE
	EndGlobalSection
	GlobalSection(ExtensibilityGlobals) = postSolution
		SolutionGuid = {F686A73B-6DCF-426C-AB80-5C2210E05E8A}
	EndGlobalSection
EndGlobal
